
Microsoft Visual Studio Solution File, Format Version 10.00
# Visual Studio 2008
Project("{FAE04EC0-301F-11D3-BF4B-00C04F79EFBC}") = "LPTCtrl.Service", "LPTCtrl.Service\LPTCtrl.Service.csproj", "{B5EA28A6-9FE5-4D63-8D99-CE91270D64D0}"
EndProject
Project("{FAE04EC0-301F-11D3-BF4B-00C04F79EFBC}") = "LPTCtrl.Dependencies", "LPTCtrl.Dependencies\LPTCtrl.Dependencies.csproj", "{7F3AA58C-968A-4107-A214-2E4D434DA073}"
EndProject
Project("{FAE04EC0-301F-11D3-BF4B-00C04F79EFBC}") = "LPTCtrl.Data", "LPTCtrl.Data\LPTCtrl.Data.csproj", "{2DFB961F-0565-4C44-A1AE-353B2E30F175}"
EndProject
Project("{FAE04EC0-301F-11D3-BF4B-00C04F79EFBC}") = "LPTCtrl.Web", "LPTCtrl.web\LPTCtrl.Web.csproj", "{111629FB-AEB6-4240-92CA-1C0B91886F82}"
EndProject
Project("{FAE04EC0-301F-11D3-BF4B-00C04F79EFBC}") = "LPTCtrl.Hardware", "LPTCtrl.Hardware\LPTCtrl.Hardware.csproj", "{0905E282-87D4-4E19-AD1E-4B20FF65D530}"
EndProject
Global
	GlobalSection(SolutionConfigurationPlatforms) = preSolution
		Debug|Any CPU = Debug|Any CPU
		Release|Any CPU = Release|Any CPU
	EndGlobalSection
	GlobalSection(ProjectConfigurationPlatforms) = postSolution
		{B5EA28A6-9FE5-4D63-8D99-CE91270D64D0}.Debug|Any CPU.ActiveCfg = Debug|Any CPU
		{B5EA28A6-9FE5-4D63-8D99-CE91270D64D0}.Debug|Any CPU.Build.0 = Debug|Any CPU
		{B5EA28A6-9FE5-4D63-8D99-CE91270D64D0}.Release|Any CPU.ActiveCfg = Release|Any CPU
		{B5EA28A6-9FE5-4D63-8D99-CE91270D64D0}.Release|Any CPU.Build.0 = Release|Any CPU
		{7F3AA58C-968A-4107-A214-2E4D434DA073}.Debug|Any CPU.ActiveCfg = Debug|Any CPU
		{7F3AA58C-968A-4107-A214-2E4D434DA073}.Debug|Any CPU.Build.0 = Debug|Any CPU
		{7F3AA58C-968A-4107-A214-2E4D434DA073}.Release|Any CPU.ActiveCfg = Release|Any CPU
		{7F3AA58C-968A-4107-A214-2E4D434DA073}.Release|Any CPU.Build.0 = Release|Any CPU
		{2DFB961F-0565-4C44-A1AE-353B2E30F175}.Debug|Any CPU.ActiveCfg = Debug|Any CPU
		{2DFB961F-0565-4C44-A1AE-353B2E30F175}.Debug|Any CPU.Build.0 = Debug|Any CPU
		{2DFB961F-0565-4C44-A1AE-353B2E30F175}.Release|Any CPU.ActiveCfg = Release|Any CPU
		{2DFB961F-0565-4C44-A1AE-353B2E30F175}.Release|Any CPU.Build.0 = Release|Any CPU
		{111629FB-AEB6-4240-92CA-1C0B91886F82}.Debug|Any CPU.ActiveCfg = Debug|Any CPU
		{111629FB-AEB6-4240-92CA-1C0B91886F82}.Debug|Any CPU.Build.0 = Debug|Any CPU
		{111629FB-AEB6-4240-92CA-1C0B91886F82}.Release|Any CPU.ActiveCfg = Release|Any CPU
		{111629FB-AEB6-4240-92CA-1C0B91886F82}.Release|Any CPU.Build.0 = Release|Any CPU
		{0905E282-87D4-4E19-AD1E-4B20FF65D530}.Debug|Any CPU.ActiveCfg = Debug|Any CPU
		{0905E282-87D4-4E19-AD1E-4B20FF65D530}.Debug|Any CPU.Build.0 = Debug|Any CPU
		{0905E282-87D4-4E19-AD1E-4B20FF65D530}.Release|Any CPU.ActiveCfg = Release|Any CPU
		{0905E282-87D4-4E19-AD1E-4B20FF65D530}.Release|Any CPU.Build.0 = Release|Any CPU
	EndGlobalSection
	GlobalSection(SolutionProperties) = preSolution
		HideSolutionNode = FALSE
	EndGlobalSection
EndGlobal
